
Microsoft Visual Studio Solution File, Format Version 12.00
# Visual Studio Version 17
VisualStudioVersion = 17.7.34024.191
MinimumVisualStudioVersion = 10.0.40219.1
Project("{FAE04EC0-301F-11D3-BF4B-00C04F79EFBC}") = "MathQuiz", "MathQuiz\MathQuiz.csproj", "{707AB58F-6111-4724-A0FE-37A6A42D597F}"
EndProject
Global
	GlobalSection(SolutionConfigurationPlatforms) = preSolution
		Debug|Any CPU = Debug|Any CPU
		Release|Any CPU = Release|Any CPU
	EndGlobalSection
	GlobalSection(ProjectConfigurationPlatforms) = postSolution
		{707AB58F-6111-4724-A0FE-37A6A42D597F}.Debug|Any CPU.ActiveCfg = Debug|Any CPU
		{707AB58F-6111-4724-A0FE-37A6A42D597F}.Debug|Any CPU.Build.0 = Debug|Any CPU
		{707AB58F-6111-4724-A0FE-37A6A42D597F}.Release|Any CPU.ActiveCfg = Release|Any CPU
		{707AB58F-6111-4724-A0FE-37A6A42D597F}.Release|Any CPU.Build.0 = Release|Any CPU
	EndGlobalSection
	GlobalSection(SolutionProperties) = preSolution
		HideSolutionNode = FALSE
	EndGlobalSection
	GlobalSection(ExtensibilityGlobals) = postSolution
		SolutionGuid = {CA39E244-50D3-4FEE-8B8B-AE412D561504}
	EndGlobalSection
EndGlobal
